
Microsoft Visual Studio Solution File, Format Version 12.00
# Visual Studio 15
VisualStudioVersion = 15.0.28307.329
MinimumVisualStudioVersion = 10.0.40219.1
Project("{9A19103F-16F7-4668-BE54-9A1E7A4F7556}") = "KitchenApp", "..\..\..\..\..\new\KitchenApp\OrderApp\KitchenApp.csproj", "{F49F0A74-5A27-449E-B8BD-0FF6A9FC5E6C}"
EndProject
Global
	GlobalSection(SolutionConfigurationPlatforms) = preSolution
		Debug|Any CPU = Debug|Any CPU
		Release|Any CPU = Release|Any CPU
	EndGlobalSection
	GlobalSection(ProjectConfigurationPlatforms) = postSolution
		{F49F0A74-5A27-449E-B8BD-0FF6A9FC5E6C}.Debug|Any CPU.ActiveCfg = Debug|Any CPU
		{F49F0A74-5A27-449E-B8BD-0FF6A9FC5E6C}.Debug|Any CPU.Build.0 = Debug|Any CPU
		{F49F0A74-5A27-449E-B8BD-0FF6A9FC5E6C}.Release|Any CPU.ActiveCfg = Release|Any CPU
		{F49F0A74-5A27-449E-B8BD-0FF6A9FC5E6C}.Release|Any CPU.Build.0 = Release|Any CPU
	EndGlobalSection
	GlobalSection(SolutionProperties) = preSolution
		HideSolutionNode = FALSE
	EndGlobalSection
	GlobalSection(ExtensibilityGlobals) = postSolution
		SolutionGuid = {772F1005-51D1-4FBA-AA25-20A44E90777B}
	EndGlobalSection
EndGlobal
